
Microsoft Visual Studio Solution File, Format Version 12.00
# Visual Studio Version 17
VisualStudioVersion = 17.0.31903.59
MinimumVisualStudioVersion = 10.0.40219.1
Project("{FAE04EC0-301F-11D3-BF4B-00C04F79EFBC}") = "MediCore.Domain", "MediCore.Domain\MediCore.Domain.csproj", "{7EBED0C4-6D8A-465C-B27F-0DA78BF0D036}"
EndProject
Project("{FAE04EC0-301F-11D3-BF4B-00C04F79EFBC}") = "MediCore.Application", "MediCore.Application\MediCore.Application.csproj", "{2677AD09-95AF-44A0-B36D-51FC7DF2042A}"
EndProject
Project("{FAE04EC0-301F-11D3-BF4B-00C04F79EFBC}") = "MediCore.Infrastructure", "MediCore.Infrastructure\MediCore.Infrastructure.csproj", "{9069266C-B4E4-43A5-9B05-32531419127E}"
EndProject
Project("{FAE04EC0-301F-11D3-BF4B-00C04F79EFBC}") = "MediCore.API", "MediCore.API\MediCore.API.csproj", "{1822F204-F34B-4EB2-97D4-9E902FA44CF0}"
EndProject
Global
	GlobalSection(SolutionConfigurationPlatforms) = preSolution
		Debug|Any CPU = Debug|Any CPU
		Release|Any CPU = Release|Any CPU
	EndGlobalSection
	GlobalSection(SolutionProperties) = preSolution
		HideSolutionNode = FALSE
	EndGlobalSection
	GlobalSection(ProjectConfigurationPlatforms) = postSolution
		{7EBED0C4-6D8A-465C-B27F-0DA78BF0D036}.Debug|Any CPU.ActiveCfg = Debug|Any CPU
		{7EBED0C4-6D8A-465C-B27F-0DA78BF0D036}.Debug|Any CPU.Build.0 = Debug|Any CPU
		{7EBED0C4-6D8A-465C-B27F-0DA78BF0D036}.Release|Any CPU.ActiveCfg = Release|Any CPU
		{7EBED0C4-6D8A-465C-B27F-0DA78BF0D036}.Release|Any CPU.Build.0 = Release|Any CPU
		{2677AD09-95AF-44A0-B36D-51FC7DF2042A}.Debug|Any CPU.ActiveCfg = Debug|Any CPU
		{2677AD09-95AF-44A0-B36D-51FC7DF2042A}.Debug|Any CPU.Build.0 = Debug|Any CPU
		{2677AD09-95AF-44A0-B36D-51FC7DF2042A}.Release|Any CPU.ActiveCfg = Release|Any CPU
		{2677AD09-95AF-44A0-B36D-51FC7DF2042A}.Release|Any CPU.Build.0 = Release|Any CPU
		{9069266C-B4E4-43A5-9B05-32531419127E}.Debug|Any CPU.ActiveCfg = Debug|Any CPU
		{9069266C-B4E4-43A5-9B05-32531419127E}.Debug|Any CPU.Build.0 = Debug|Any CPU
		{9069266C-B4E4-43A5-9B05-32531419127E}.Release|Any CPU.ActiveCfg = Release|Any CPU
		{9069266C-B4E4-43A5-9B05-32531419127E}.Release|Any CPU.Build.0 = Release|Any CPU
		{1822F204-F34B-4EB2-97D4-9E902FA44CF0}.Debug|Any CPU.ActiveCfg = Debug|Any CPU
		{1822F204-F34B-4EB2-97D4-9E902FA44CF0}.Debug|Any CPU.Build.0 = Debug|Any CPU
		{1822F204-F34B-4EB2-97D4-9E902FA44CF0}.Release|Any CPU.ActiveCfg = Release|Any CPU
		{1822F204-F34B-4EB2-97D4-9E902FA44CF0}.Release|Any CPU.Build.0 = Release|Any CPU
	EndGlobalSection
EndGlobal
